
Microsoft Visual Studio Solution File, Format Version 12.00
# Visual Studio Version 17
VisualStudioVersion = 17.5.33530.505
MinimumVisualStudioVersion = 10.0.40219.1
Project("{FAE04EC0-301F-11D3-BF4B-00C04F79EFBC}") = "MyLeasing.Common", "MyLeasing.Common\MyLeasing.Common.csproj", "{747DF46C-0B7D-4153-9767-A8F8FB6F7FF6}"
EndProject
Project("{FAE04EC0-301F-11D3-BF4B-00C04F79EFBC}") = "MyLeasing.Web", "MyLeasing.Web\MyLeasing.Web.csproj", "{6238456B-331A-4A3D-8540-1A066C9FBF27}"
EndProject
Global
	GlobalSection(SolutionConfigurationPlatforms) = preSolution
		Debug|Any CPU = Debug|Any CPU
		Release|Any CPU = Release|Any CPU
	EndGlobalSection
	GlobalSection(ProjectConfigurationPlatforms) = postSolution
		{747DF46C-0B7D-4153-9767-A8F8FB6F7FF6}.Debug|Any CPU.ActiveCfg = Debug|Any CPU
		{747DF46C-0B7D-4153-9767-A8F8FB6F7FF6}.Debug|Any CPU.Build.0 = Debug|Any CPU
		{747DF46C-0B7D-4153-9767-A8F8FB6F7FF6}.Release|Any CPU.ActiveCfg = Release|Any CPU
		{747DF46C-0B7D-4153-9767-A8F8FB6F7FF6}.Release|Any CPU.Build.0 = Release|Any CPU
		{6238456B-331A-4A3D-8540-1A066C9FBF27}.Debug|Any CPU.ActiveCfg = Debug|Any CPU
		{6238456B-331A-4A3D-8540-1A066C9FBF27}.Debug|Any CPU.Build.0 = Debug|Any CPU
		{6238456B-331A-4A3D-8540-1A066C9FBF27}.Release|Any CPU.ActiveCfg = Release|Any CPU
		{6238456B-331A-4A3D-8540-1A066C9FBF27}.Release|Any CPU.Build.0 = Release|Any CPU
	EndGlobalSection
	GlobalSection(SolutionProperties) = preSolution
		HideSolutionNode = FALSE
	EndGlobalSection
	GlobalSection(ExtensibilityGlobals) = postSolution
		SolutionGuid = {E6B6B9FA-F81F-4319-917A-1D3F8806FF6B}
	EndGlobalSection
EndGlobal
